// !$*UTF8*$!
{
	archiveVersion = 1;
	classes = {
	};
	objectVersion = 55;
	objects = {

/* Begin PBXBuildFile section */
		CF12AE9428C88E54001E993F /* FruitData.swift in Sources */ = {isa = PBXBuildFile; fileRef = CF12AE9328C88E54001E993F /* FruitData.swift */; };
		CF12AE9628C88E5E001E993F /* FruitModel.swift in Sources */ = {isa = PBXBuildFile; fileRef = CF12AE9528C88E5E001E993F /* FruitModel.swift */; };
		CF21FBFA28C780D500A087DC /* StartButtonView.swift in Sources */ = {isa = PBXBuildFile; fileRef = CF21FBF928C780D500A087DC /* StartButtonView.swift */; };
		CF21FBFC28C788CD00A087DC /* OnboardingView.swift in Sources */ = {isa = PBXBuildFile; fileRef = CF21FBFB28C788CD00A087DC /* OnboardingView.swift */; };
		CF463BC728C61264006FE90A /* FruitsApp.swift in Sources */ = {isa = PBXBuildFile; fileRef = CF463BC628C61264006FE90A /* FruitsApp.swift */; };
		CF463BC928C61264006FE90A /* ContentView.swift in Sources */ = {isa = PBXBuildFile; fileRef = CF463BC828C61264006FE90A /* ContentView.swift */; };
		CF463BCB28C61268006FE90A /* Assets.xcassets in Resources */ = {isa = PBXBuildFile; fileRef = CF463BCA28C61268006FE90A /* Assets.xcassets */; };
		CF463BCE28C61268006FE90A /* Preview Assets.xcassets in Resources */ = {isa = PBXBuildFile; fileRef = CF463BCD28C61268006FE90A /* Preview Assets.xcassets */; };
		CF7F29A328CD993A00A265F4 /* AppStorageConstant.swift in Sources */ = {isa = PBXBuildFile; fileRef = CF7F29A228CD993A00A265F4 /* AppStorageConstant.swift */; };
		CF7F29CA28CDB17F00A265F4 /* FruitRowView.swift in Sources */ = {isa = PBXBuildFile; fileRef = CF7F29C928CDB17F00A265F4 /* FruitRowView.swift */; };
		CFF6CE2828C77C260013B058 /* FruitCardView.swift in Sources */ = {isa = PBXBuildFile; fileRef = CFF6CE2728C77C260013B058 /* FruitCardView.swift */; };
/* End PBXBuildFile section */

/* Begin PBXFileReference section */
		CF12AE9328C88E54001E993F /* FruitData.swift */ = {isa = PBXFileReference; fileEncoding = 4; lastKnownFileType = sourcecode.swift; path = FruitData.swift; sourceTree = "<group>"; };
		CF12AE9528C88E5E001E993F /* FruitModel.swift */ = {isa = PBXFileReference; fileEncoding = 4; lastKnownFileType = sourcecode.swift; path = FruitModel.swift; sourceTree = "<group>"; };
		CF21FBF928C780D500A087DC /* StartButtonView.swift */ = {isa = PBXFileReference; lastKnownFileType = sourcecode.swift; path = StartButtonView.swift; sourceTree = "<group>"; };
		CF21FBFB28C788CD00A087DC /* OnboardingView.swift */ = {isa = PBXFileReference; lastKnownFileType = sourcecode.swift; path = OnboardingView.swift; sourceTree = "<group>"; };
		CF463BC328C61264006FE90A /* Fruits.app */ = {isa = PBXFileReference; explicitFileType = wrapper.application; includeInIndex = 0; path = Fruits.app; sourceTree = BUILT_PRODUCTS_DIR; };
		CF463BC628C61264006FE90A /* FruitsApp.swift */ = {isa = PBXFileReference; lastKnownFileType = sourcecode.swift; path = FruitsApp.swift; sourceTree = "<group>"; };
		CF463BC828C61264006FE90A /* ContentView.swift */ = {isa = PBXFileReference; lastKnownFileType = sourcecode.swift; path = ContentView.swift; sourceTree = "<group>"; };
		CF463BCA28C61268006FE90A /* Assets.xcassets */ = {isa = PBXFileReference; lastKnownFileType = folder.assetcatalog; path = Assets.xcassets; sourceTree = "<group>"; };
		CF463BCD28C61268006FE90A /* Preview Assets.xcassets */ = {isa = PBXFileReference; lastKnownFileType = folder.assetcatalog; path = "Preview Assets.xcassets"; sourceTree = "<group>"; };
		CF7F29A228CD993A00A265F4 /* AppStorageConstant.swift */ = {isa = PBXFileReference; lastKnownFileType = sourcecode.swift; path = AppStorageConstant.swift; sourceTree = "<group>"; };
		CF7F29C928CDB17F00A265F4 /* FruitRowView.swift */ = {isa = PBXFileReference; lastKnownFileType = sourcecode.swift; path = FruitRowView.swift; sourceTree = "<group>"; };
		CFF6CE2728C77C260013B058 /* FruitCardView.swift */ = {isa = PBXFileReference; lastKnownFileType = sourcecode.swift; path = FruitCardView.swift; sourceTree = "<group>"; };
/* End PBXFileReference section */

/* Begin PBXFrameworksBuildPhase section */
		CF463BC028C61264006FE90A /* Frameworks */ = {
			isa = PBXFrameworksBuildPhase;
			buildActionMask = 2147483647;
			files = (
			);
			runOnlyForDeploymentPostprocessing = 0;
		};
/* End PBXFrameworksBuildPhase section */

/* Begin PBXGroup section */
		CF12AE9128C88E40001E993F /* Data */ = {
			isa = PBXGroup;
			children = (
				CF12AE9328C88E54001E993F /* FruitData.swift */,
			);
			path = Data;
			sourceTree = "<group>";
		};
		CF12AE9228C88E49001E993F /* Model */ = {
			isa = PBXGroup;
			children = (
				CF12AE9528C88E5E001E993F /* FruitModel.swift */,
			);
			path = Model;
			sourceTree = "<group>";
		};
		CF463BBA28C61264006FE90A = {
			isa = PBXGroup;
			children = (
				CF463BC528C61264006FE90A /* Fruits */,
				CF463BC428C61264006FE90A /* Products */,
			);
			sourceTree = "<group>";
		};
		CF463BC428C61264006FE90A /* Products */ = {
			isa = PBXGroup;
			children = (
				CF463BC328C61264006FE90A /* Fruits.app */,
			);
			name = Products;
			sourceTree = "<group>";
		};
		CF463BC528C61264006FE90A /* Fruits */ = {
			isa = PBXGroup;
			children = (
				CFF6CE2528C77C020013B058 /* App */,
				CFF6CE2628C77C140013B058 /* View */,
				CF12AE9228C88E49001E993F /* Model */,
				CF12AE9128C88E40001E993F /* Data */,
				CF7F29A128CD991700A265F4 /* Utility */,
				CF463BCA28C61268006FE90A /* Assets.xcassets */,
				CF463BCC28C61268006FE90A /* Preview Content */,
			);
			path = Fruits;
			sourceTree = "<group>";
		};
		CF463BCC28C61268006FE90A /* Preview Content */ = {
			isa = PBXGroup;
			children = (
				CF463BCD28C61268006FE90A /* Preview Assets.xcassets */,
			);
			path = "Preview Content";
			sourceTree = "<group>";
		};
		CF7F29A128CD991700A265F4 /* Utility */ = {
			isa = PBXGroup;
			children = (
				CF7F29A228CD993A00A265F4 /* AppStorageConstant.swift */,
			);
			path = Utility;
			sourceTree = "<group>";
		};
		CFF6CE2528C77C020013B058 /* App */ = {
			isa = PBXGroup;
			children = (
				CF463BC628C61264006FE90A /* FruitsApp.swift */,
				CF463BC828C61264006FE90A /* ContentView.swift */,
				CF21FBFB28C788CD00A087DC /* OnboardingView.swift */,
			);
			path = App;
			sourceTree = "<group>";
		};
		CFF6CE2628C77C140013B058 /* View */ = {
			isa = PBXGroup;
			children = (
				CFF6CE2728C77C260013B058 /* FruitCardView.swift */,
				CF21FBF928C780D500A087DC /* StartButtonView.swift */,
				CF7F29C928CDB17F00A265F4 /* FruitRowView.swift */,
			);
			path = View;
			sourceTree = "<group>";
		};
/* End PBXGroup section */

/* Begin PBXNativeTarget section */
		CF463BC228C61264006FE90A /* Fruits */ = {
			isa = PBXNativeTarget;
			buildConfigurationList = CF463BD128C61268006FE90A /* Build configuration list for PBXNativeTarget "Fruits" */;
			buildPhases = (
				CF463BBF28C61264006FE90A /* Sources */,
				CF463BC028C61264006FE90A /* Frameworks */,
				CF463BC128C61264006FE90A /* Resources */,
			);
			buildRules = (
			);
			dependencies = (
			);
			name = Fruits;
			productName = Fruits;
			productReference = CF463BC328C61264006FE90A /* Fruits.app */;
			productType = "com.apple.product-type.application";
		};
/* End PBXNativeTarget section */

/* Begin PBXProject section */
		CF463BBB28C61264006FE90A /* Project object */ = {
			isa = PBXProject;
			attributes = {
				BuildIndependentTargetsInParallel = 1;
				LastSwiftUpdateCheck = 1330;
				LastUpgradeCheck = 1330;
				TargetAttributes = {
					CF463BC228C61264006FE90A = {
						CreatedOnToolsVersion = 13.3.1;
					};
				};
			};
			buildConfigurationList = CF463BBE28C61264006FE90A /* Build configuration list for PBXProject "Fruits" */;
			compatibilityVersion = "Xcode 13.0";
			developmentRegion = en;
			hasScannedForEncodings = 0;
			knownRegions = (
				en,
				Base,
			);
			mainGroup = CF463BBA28C61264006FE90A;
			productRefGroup = CF463BC428C61264006FE90A /* Products */;
			projectDirPath = "";
			projectRoot = "";
			targets = (
				CF463BC228C61264006FE90A /* Fruits */,
			);
		};
/* End PBXProject section */

/* Begin PBXResourcesBuildPhase section */
		CF463BC128C61264006FE90A /* Resources */ = {
			isa = PBXResourcesBuildPhase;
			buildActionMask = 2147483647;
			files = (
				CF463BCE28C61268006FE90A /* Preview Assets.xcassets in Resources */,
				CF463BCB28C61268006FE90A /* Assets.xcassets in Resources */,
			);
			runOnlyForDeploymentPostprocessing = 0;
		};
/* End PBXResourcesBuildPhase section */

/* Begin PBXSourcesBuildPhase section */
		CF463BBF28C61264006FE90A /* Sources */ = {
			isa = PBXSourcesBuildPhase;
			buildActionMask = 2147483647;
			files = (
				CFF6CE2828C77C260013B058 /* FruitCardView.swift in Sources */,
				CF12AE9628C88E5E001E993F /* FruitModel.swift in Sources */,
				CF7F29CA28CDB17F00A265F4 /* FruitRowView.swift in Sources */,
				CF21FBFA28C780D500A087DC /* StartButtonView.swift in Sources */,
				CF7F29A328CD993A00A265F4 /* AppStorageConstant.swift in Sources */,
				CF12AE9428C88E54001E993F /* FruitData.swift in Sources */,
				CF463BC928C61264006FE90A /* ContentView.swift in Sources */,
				CF21FBFC28C788CD00A087DC /* OnboardingView.swift in Sources */,
				CF463BC728C61264006FE90A /* FruitsApp.swift in Sources */,
			);
			runOnlyForDeploymentPostprocessing = 0;
		};
/* End PBXSourcesBuildPhase section */

/* Begin XCBuildConfiguration section */
		CF463BCF28C61268006FE90A /* Debug */ = {
			isa = XCBuildConfiguration;
			buildSettings = {
				ALWAYS_SEARCH_USER_PATHS = NO;
				CLANG_ANALYZER_NONNULL = YES;
				CLANG_ANALYZER_NUMBER_OBJECT_CONVERSION = YES_AGGRESSIVE;
				CLANG_CXX_LANGUAGE_STANDARD = "gnu++17";
				CLANG_ENABLE_MODULES = YES;
				CLANG_ENABLE_OBJC_ARC = YES;
				CLANG_ENABLE_OBJC_WEAK = YES;
				CLANG_WARN_BLOCK_CAPTURE_AUTORELEASING = YES;
				CLANG_WARN_BOOL_CONVERSION = YES;
				CLANG_WARN_COMMA = YES;
				CLANG_WARN_CONSTANT_CONVERSION = YES;
				CLANG_WARN_DEPRECATED_OBJC_IMPLEMENTATIONS = YES;
				CLANG_WARN_DIRECT_OBJC_ISA_USAGE = YES_ERROR;
				CLANG_WARN_DOCUMENTATION_COMMENTS = YES;
				CLANG_WARN_EMPTY_BODY = YES;
				CLANG_WARN_ENUM_CONVERSION = YES;
				CLANG_WARN_INFINITE_RECURSION = YES;
				CLANG_WARN_INT_CONVERSION = YES;
				CLANG_WARN_NON_LITERAL_NULL_CONVERSION = YES;
				CLANG_WARN_OBJC_IMPLICIT_RETAIN_SELF = YES;
				CLANG_WARN_OBJC_LITERAL_CONVERSION = YES;
				CLANG_WARN_OBJC_ROOT_CLASS = YES_ERROR;
				CLANG_WARN_QUOTED_INCLUDE_IN_FRAMEWORK_HEADER = YES;
				CLANG_WARN_RANGE_LOOP_ANALYSIS = YES;
				CLANG_WARN_STRICT_PROTOTYPES = YES;
				CLANG_WARN_SUSPICIOUS_MOVE = YES;
				CLANG_WARN_UNGUARDED_AVAILABILITY = YES_AGGRESSIVE;
				CLANG_WARN_UNREACHABLE_CODE = YES;
				CLANG_WARN__DUPLICATE_METHOD_MATCH = YES;
				COPY_PHASE_STRIP = NO;
				DEBUG_INFORMATION_FORMAT = dwarf;
				ENABLE_STRICT_OBJC_MSGSEND = YES;
				ENABLE_TESTABILITY = YES;
				GCC_C_LANGUAGE_STANDARD = gnu11;
				GCC_DYNAMIC_NO_PIC = NO;
				GCC_NO_COMMON_BLOCKS = YES;
				GCC_OPTIMIZATION_LEVEL = 0;
				GCC_PREPROCESSOR_DEFINITIONS = (
					"DEBUG=1",
					"$(inherited)",
				);
				GCC_WARN_64_TO_32_BIT_CONVERSION = YES;
				GCC_WARN_ABOUT_RETURN_TYPE = YES_ERROR;
				GCC_WARN_UNDECLARED_SELECTOR = YES;
				GCC_WARN_UNINITIALIZED_AUTOS = YES_AGGRESSIVE;
				GCC_WARN_UNUSED_FUNCTION = YES;
				GCC_WARN_UNUSED_VARIABLE = YES;
				IPHONEOS_DEPLOYMENT_TARGET = 15.4;
				MTL_ENABLE_DEBUG_INFO = INCLUDE_SOURCE;
				MTL_FAST_MATH = YES;
				ONLY_ACTIVE_ARCH = YES;
				SDKROOT = iphoneos;
				SWIFT_ACTIVE_COMPILATION_CONDITIONS = DEBUG;
				SWIFT_OPTIMIZATION_LEVEL = "-Onone";
			};
			name = Debug;
		};
		CF463BD028C61268006FE90A /* Release */ = {
			isa = XCBuildConfiguration;
			buildSettings = {
				ALWAYS_SEARCH_USER_PATHS = NO;
				CLANG_ANALYZER_NONNULL = YES;
				CLANG_ANALYZER_NUMBER_OBJECT_CONVERSION = YES_AGGRESSIVE;
				CLANG_CXX_LANGUAGE_STANDARD = "gnu++17";
				CLANG_ENABLE_MODULES = YES;
				CLANG_ENABLE_OBJC_ARC = YES;
				CLANG_ENABLE_OBJC_WEAK = YES;
				CLANG_WARN_BLOCK_CAPTURE_AUTORELEASING = YES;
				CLANG_WARN_BOOL_CONVERSION = YES;
				CLANG_WARN_COMMA = YES;
				CLANG_WARN_CONSTANT_CONVERSION = YES;
				CLANG_WARN_DEPRECATED_OBJC_IMPLEMENTATIONS = YES;
				CLANG_WARN_DIRECT_OBJC_ISA_USAGE = YES_ERROR;
				CLANG_WARN_DOCUMENTATION_COMMENTS = YES;
				CLANG_WARN_EMPTY_BODY = YES;
				CLANG_WARN_ENUM_CONVERSION = YES;
				CLANG_WARN_INFINITE_RECURSION = YES;
				CLANG_WARN_INT_CONVERSION = YES;
				CLANG_WARN_NON_LITERAL_NULL_CONVERSION = YES;
				CLANG_WARN_OBJC_IMPLICIT_RETAIN_SELF = YES;
				CLANG_WARN_OBJC_LITERAL_CONVERSION = YES;
				CLANG_WARN_OBJC_ROOT_CLASS = YES_ERROR;
				CLANG_WARN_QUOTED_INCLUDE_IN_FRAMEWORK_HEADER = YES;
				CLANG_WARN_RANGE_LOOP_ANALYSIS = YES;
				CLANG_WARN_STRICT_PROTOTYPES = YES;
				CLANG_WARN_SUSPICIOUS_MOVE = YES;
				CLANG_WARN_UNGUARDED_AVAILABILITY = YES_AGGRESSIVE;
				CLANG_WARN_UNREACHABLE_CODE = YES;
				CLANG_WARN__DUPLICATE_METHOD_MATCH = YES;
				COPY_PHASE_STRIP = NO;
				DEBUG_INFORMATION_FORMAT = "dwarf-with-dsym";
				ENABLE_NS_ASSERTIONS = NO;
				ENABLE_STRICT_OBJC_MSGSEND = YES;
				GCC_C_LANGUAGE_STANDARD = gnu11;
				GCC_NO_COMMON_BLOCKS = YES;
				GCC_WARN_64_TO_32_BIT_CONVERSION = YES;
				GCC_WARN_ABOUT_RETURN_TYPE = YES_ERROR;
				GCC_WARN_UNDECLARED_SELECTOR = YES;
				GCC_WARN_UNINITIALIZED_AUTOS = YES_AGGRESSIVE;
				GCC_WARN_UNUSED_FUNCTION = YES;
				GCC_WARN_UNUSED_VARIABLE = YES;
				IPHONEOS_DEPLOYMENT_TARGET = 15.4;
				MTL_ENABLE_DEBUG_INFO = NO;
				MTL_FAST_MATH = YES;
				SDKROOT = iphoneos;
				SWIFT_COMPILATION_MODE = wholemodule;
				SWIFT_OPTIMIZATION_LEVEL = "-O";
				VALIDATE_PRODUCT = YES;
			};
			name = Release;
		};
		CF463BD228C61268006FE90A /* Debug */ = {
			isa = XCBuildConfiguration;
			buildSettings = {
				ASSETCATALOG_COMPILER_APPICON_NAME = AppIcon;
				ASSETCATALOG_COMPILER_GLOBAL_ACCENT_COLOR_NAME = AccentColor;
				CODE_SIGN_STYLE = Automatic;
				CURRENT_PROJECT_VERSION = 1;
				DEVELOPMENT_ASSET_PATHS = "\"Fruits/Preview Content\"";
				DEVELOPMENT_TEAM = XTDQQ9DVNX;
				ENABLE_PREVIEWS = YES;
				GENERATE_INFOPLIST_FILE = YES;
				INFOPLIST_KEY_UIApplicationSceneManifest_Generation = YES;
				INFOPLIST_KEY_UIApplicationSupportsIndirectInputEvents = YES;
				INFOPLIST_KEY_UILaunchScreen_Generation = YES;
				INFOPLIST_KEY_UISupportedInterfaceOrientations_iPad = "UIInterfaceOrientationPortrait UIInterfaceOrientationPortraitUpsideDown UIInterfaceOrientationLandscapeLeft UIInterfaceOrientationLandscapeRight";
				INFOPLIST_KEY_UISupportedInterfaceOrientations_iPhone = UIInterfaceOrientationPortrait;
				LD_RUNPATH_SEARCH_PATHS = (
					"$(inherited)",
					"@executable_path/Frameworks",
				);
				MARKETING_VERSION = 1.0;
				PRODUCT_BUNDLE_IDENTIFIER = com.test.Fruits;
				PRODUCT_NAME = "$(TARGET_NAME)";
				SWIFT_EMIT_LOC_STRINGS = YES;
				SWIFT_VERSION = 5.0;
				TARGETED_DEVICE_FAMILY = 1;
			};
			name = Debug;
		};
		CF463BD328C61268006FE90A /* Release */ = {
			isa = XCBuildConfiguration;
			buildSettings = {
				ASSETCATALOG_COMPILER_APPICON_NAME = AppIcon;
				ASSETCATALOG_COMPILER_GLOBAL_ACCENT_COLOR_NAME = AccentColor;
				CODE_SIGN_STYLE = Automatic;
				CURRENT_PROJECT_VERSION = 1;
				DEVELOPMENT_ASSET_PATHS = "\"Fruits/Preview Content\"";
				DEVELOPMENT_TEAM = XTDQQ9DVNX;
				ENABLE_PREVIEWS = YES;
				GENERATE_INFOPLIST_FILE = YES;
				INFOPLIST_KEY_UIApplicationSceneManifest_Generation = YES;
				INFOPLIST_KEY_UIApplicationSupportsIndirectInputEvents = YES;
				INFOPLIST_KEY_UILaunchScreen_Generation = YES;
				INFOPLIST_KEY_UISupportedInterfaceOrientations_iPad = "UIInterfaceOrientationPortrait UIInterfaceOrientationPortraitUpsideDown UIInterfaceOrientationLandscapeLeft UIInterfaceOrientationLandscapeRight";
				INFOPLIST_KEY_UISupportedInterfaceOrientations_iPhone = UIInterfaceOrientationPortrait;
				LD_RUNPATH_SEARCH_PATHS = (
					"$(inherited)",
					"@executable_path/Frameworks",
				);
				MARKETING_VERSION = 1.0;
				PRODUCT_BUNDLE_IDENTIFIER = com.test.Fruits;
				PRODUCT_NAME = "$(TARGET_NAME)";
				SWIFT_EMIT_LOC_STRINGS = YES;
				SWIFT_VERSION = 5.0;
				TARGETED_DEVICE_FAMILY = 1;
			};
			name = Release;
		};
/* End XCBuildConfiguration section */

/* Begin XCConfigurationList section */
		CF463BBE28C61264006FE90A /* Build configuration list for PBXProject "Fruits" */ = {
			isa = XCConfigurationList;
			buildConfigurations = (
				CF463BCF28C61268006FE90A /* Debug */,
				CF463BD028C61268006FE90A /* Release */,
			);
			defaultConfigurationIsVisible = 0;
			defaultConfigurationName = Release;
		};
		CF463BD128C61268006FE90A /* Build configuration list for PBXNativeTarget "Fruits" */ = {
			isa = XCConfigurationList;
			buildConfigurations = (
				CF463BD228C61268006FE90A /* Debug */,
				CF463BD328C61268006FE90A /* Release */,
			);
			defaultConfigurationIsVisible = 0;
			defaultConfigurationName = Release;
		};
/* End XCConfigurationList section */
	};
	rootObject = CF463BBB28C61264006FE90A /* Project object */;
}
